<?xml version="1.0" encoding="UTF-8" standalone="yes" ?>
<CodeBlocks_project_file>
	<FileVersion major="1" minor="6" />
	<Project>
		<Option title="path_finding_cpp" />
		<Option pch_mode="2" />
		<Option compiler="msvc8" />
		<Build>
			<Target title="Debug">
				<Option output="bin\debug\path_finding_cpp" prefix_auto="1" extension_auto="1" />
				<Option working_dir="bin\debug" />
				<Option object_output="obj\debug\" />
				<Option type="1" />
				<Option compiler="msvc8" />
				<Compiler>
					<Add option="/MDd" />
					<Add option="/Zi" />
					<Add option="/D_DEBUG" />
				</Compiler>
				<Linker>
					<Add option="/DEBUG" />
					<Add library="sfml-system-d.lib" />
					<Add library="sfml-window-d.lib" />
					<Add library="sfml-graphics-d.lib" />
					<Add library="Box2d_d.lib" />
				</Linker>
			</Target>
			<Target title="Release">
				<Option output="bin\release\path_finding_cpp" prefix_auto="1" extension_auto="1" />
				<Option working_dir="bin\release" />
				<Option object_output="obj\release\" />
				<Option type="1" />
				<Option compiler="msvc8" />
				<Compiler>
					<Add option="/MD" />
					<Add option="/Ox" />
					<Add option="/DNDEBUG" />
				</Compiler>
				<Linker>
					<Add library="sfml-system.lib" />
					<Add library="sfml-window.lib" />
					<Add library="sfml-graphics.lib" />
					<Add library="Box2d.lib" />
				</Linker>
			</Target>
		</Build>
		<Compiler>
			<Add option="/W3" />
			<Add option="/EHsc" />
			<Add option="-D_SCL_SECURE_NO_WARNINGS" />
			<Add directory="..\libs\SFML-svn\include" />
			<Add directory="..\libs\boost_1_39" />
			<Add directory="..\libs\box2d-svn\Box2D" />
		</Compiler>
		<Linker>
			<Add library="opengl32.lib" />
			<Add directory="..\libs\SFML-svn\lib\vc2008" />
			<Add directory="..\libs\boost_1_39\lib" />
			<Add directory="..\libs\box2d-svn\Box2D\lib" />
		</Linker>
		<Unit filename="src\entity.cpp" />
		<Unit filename="src\entity.hpp" />
		<Unit filename="src\game.cpp" />
		<Unit filename="src\game.hpp" />
		<Unit filename="src\leader_zombie.cpp" />
		<Unit filename="src\leader_zombie.hpp" />
		<Unit filename="src\main.cpp" />
		<Unit filename="src\npc.cpp" />
		<Unit filename="src\npc.hpp" />
		<Unit filename="src\phys.cpp" />
		<Unit filename="src\phys.hpp" />
		<Unit filename="src\player.cpp" />
		<Unit filename="src\player.hpp" />
		<Unit filename="src\portal.cpp" />
		<Unit filename="src\portal.hpp" />
		<Unit filename="src\renderer.cpp" />
		<Unit filename="src\renderer.hpp" />
		<Unit filename="src\tile.cpp" />
		<Unit filename="src\tile.hpp" />
		<Unit filename="src\types.hpp" />
		<Unit filename="src\vec2.hpp" />
		<Unit filename="src\world.cpp" />
		<Unit filename="src\world.hpp" />
		<Extensions>
			<code_completion />
			<envvars />
			<debugger />
			<lib_finder disable_auto="1" />
		</Extensions>
	</Project>
</CodeBlocks_project_file>
